{
  "version": "5",
  "specifiers": {
    "npm:@types/node@*": "24.2.0"
  },
  "npm": {
    "@types/node@24.2.0": {
      "integrity": "sha512-3xyG3pMCq3oYCNg7/ZP+E1ooTaGB4cG8JWRsqqOYQdbWNY4zbaV0Ennrd7stjiJEFZCaybcIgpTjJWHRfBSIDw==",
      "dependencies": [
        "undici-types"
      ]
    },
    "undici-types@7.10.0": {
      "integrity": "sha512-t5Fy/nfn+14LuOc2KNYg75vZqClpAiqscVvMygNnlsHBFpSXdJaYtXMcdNLpl/Qvc3P2cB3s6lOV51nqsFq4ag=="
    }
  },
  "redirects": {
    "https://esm.sh/@aws-sdk/client-sesv2": "https://esm.sh/@aws-sdk/client-sesv2@3.891.0",
    "https://esm.sh/@aws/lambda-invoke-store@^0.0.1?target=denonext": "https://esm.sh/@aws/lambda-invoke-store@0.0.1?target=denonext",
    "https://esm.sh/@smithy/config-resolver@^4.2.2?target=denonext": "https://esm.sh/@smithy/config-resolver@4.2.2?target=denonext",
    "https://esm.sh/@smithy/core@^3.11.0/cbor?target=denonext": "https://esm.sh/@smithy/core@3.11.1/cbor?target=denonext",
    "https://esm.sh/@smithy/core@^3.11.0/protocols?target=denonext": "https://esm.sh/@smithy/core@3.11.1/protocols?target=denonext",
    "https://esm.sh/@smithy/core@^3.11.0/schema?target=denonext": "https://esm.sh/@smithy/core@3.11.1/schema?target=denonext",
    "https://esm.sh/@smithy/core@^3.11.0/serde?target=denonext": "https://esm.sh/@smithy/core@3.11.1/serde?target=denonext",
    "https://esm.sh/@smithy/core@^3.11.0?target=denonext": "https://esm.sh/@smithy/core@3.11.1?target=denonext",
    "https://esm.sh/@smithy/core@^3.11.1/protocols?target=denonext": "https://esm.sh/@smithy/core@3.11.1/protocols?target=denonext",
    "https://esm.sh/@smithy/core@^3.11.1/schema?target=denonext": "https://esm.sh/@smithy/core@3.11.1/schema?target=denonext",
    "https://esm.sh/@smithy/core@^3.11.1/serde?target=denonext": "https://esm.sh/@smithy/core@3.11.1/serde?target=denonext",
    "https://esm.sh/@smithy/core@^3.11.1?target=denonext": "https://esm.sh/@smithy/core@3.11.1?target=denonext",
    "https://esm.sh/@smithy/credential-provider-imds@^4.1.2?target=denonext": "https://esm.sh/@smithy/credential-provider-imds@4.1.2?target=denonext",
    "https://esm.sh/@smithy/fetch-http-handler@^5.2.1?target=denonext": "https://esm.sh/@smithy/fetch-http-handler@5.2.1?target=denonext",
    "https://esm.sh/@smithy/hash-node@^4.1.1?target=denonext": "https://esm.sh/@smithy/hash-node@4.1.1?target=denonext",
    "https://esm.sh/@smithy/is-array-buffer@^4.1.0?target=denonext": "https://esm.sh/@smithy/is-array-buffer@4.1.0?target=denonext",
    "https://esm.sh/@smithy/middleware-content-length@^4.1.1?target=denonext": "https://esm.sh/@smithy/middleware-content-length@4.1.1?target=denonext",
    "https://esm.sh/@smithy/middleware-endpoint@^4.2.2?target=denonext": "https://esm.sh/@smithy/middleware-endpoint@4.2.3?target=denonext",
    "https://esm.sh/@smithy/middleware-retry@^4.2.3?target=denonext": "https://esm.sh/@smithy/middleware-retry@4.2.4?target=denonext",
    "https://esm.sh/@smithy/middleware-serde@^4.1.1?target=denonext": "https://esm.sh/@smithy/middleware-serde@4.1.1?target=denonext",
    "https://esm.sh/@smithy/middleware-stack@^4.1.1?target=denonext": "https://esm.sh/@smithy/middleware-stack@4.1.1?target=denonext",
    "https://esm.sh/@smithy/node-config-provider@^4.2.2?target=denonext": "https://esm.sh/@smithy/node-config-provider@4.2.2?target=denonext",
    "https://esm.sh/@smithy/node-http-handler@^4.2.1?target=denonext": "https://esm.sh/@smithy/node-http-handler@4.2.1?target=denonext",
    "https://esm.sh/@smithy/property-provider@^4.1.1?target=denonext": "https://esm.sh/@smithy/property-provider@4.1.1?target=denonext",
    "https://esm.sh/@smithy/protocol-http@^5.2.1?target=denonext": "https://esm.sh/@smithy/protocol-http@5.2.1?target=denonext",
    "https://esm.sh/@smithy/querystring-builder@^4.1.1?target=denonext": "https://esm.sh/@smithy/querystring-builder@4.1.1?target=denonext",
    "https://esm.sh/@smithy/querystring-parser@^4.1.1?target=denonext": "https://esm.sh/@smithy/querystring-parser@4.1.1?target=denonext",
    "https://esm.sh/@smithy/service-error-classification@^4.1.2?target=denonext": "https://esm.sh/@smithy/service-error-classification@4.1.2?target=denonext",
    "https://esm.sh/@smithy/shared-ini-file-loader@^4.2.0?target=denonext": "https://esm.sh/@smithy/shared-ini-file-loader@4.2.0?target=denonext",
    "https://esm.sh/@smithy/signature-v4@^5.2.1?target=denonext": "https://esm.sh/@smithy/signature-v4@5.2.1?target=denonext",
    "https://esm.sh/@smithy/smithy-client@^4.6.2?target=denonext": "https://esm.sh/@smithy/smithy-client@4.6.3?target=denonext",
    "https://esm.sh/@smithy/smithy-client@^4.6.3?target=denonext": "https://esm.sh/@smithy/smithy-client@4.6.3?target=denonext",
    "https://esm.sh/@smithy/types@^4.5.0?target=denonext": "https://esm.sh/@smithy/types@4.5.0?target=denonext",
    "https://esm.sh/@smithy/url-parser@^4.1.1?target=denonext": "https://esm.sh/@smithy/url-parser@4.1.1?target=denonext",
    "https://esm.sh/@smithy/util-base64@^4.1.0?target=denonext": "https://esm.sh/@smithy/util-base64@4.1.0?target=denonext",
    "https://esm.sh/@smithy/util-body-length-browser@^4.1.0?target=denonext": "https://esm.sh/@smithy/util-body-length-browser@4.1.0?target=denonext",
    "https://esm.sh/@smithy/util-body-length-node@^4.1.0?target=denonext": "https://esm.sh/@smithy/util-body-length-node@4.1.0?target=denonext",
    "https://esm.sh/@smithy/util-buffer-from@^4.1.0?target=denonext": "https://esm.sh/@smithy/util-buffer-from@4.1.0?target=denonext",
    "https://esm.sh/@smithy/util-config-provider@^4.1.0?target=denonext": "https://esm.sh/@smithy/util-config-provider@4.1.0?target=denonext",
    "https://esm.sh/@smithy/util-defaults-mode-node@^4.1.2?target=denonext": "https://esm.sh/@smithy/util-defaults-mode-node@4.1.3?target=denonext",
    "https://esm.sh/@smithy/util-endpoints@^3.1.2?target=denonext": "https://esm.sh/@smithy/util-endpoints@3.1.2?target=denonext",
    "https://esm.sh/@smithy/util-hex-encoding@^4.1.0?target=denonext": "https://esm.sh/@smithy/util-hex-encoding@4.1.0?target=denonext",
    "https://esm.sh/@smithy/util-middleware@^4.1.1?target=denonext": "https://esm.sh/@smithy/util-middleware@4.1.1?target=denonext",
    "https://esm.sh/@smithy/util-retry@^4.1.2?target=denonext": "https://esm.sh/@smithy/util-retry@4.1.2?target=denonext",
    "https://esm.sh/@smithy/util-stream@^4.3.1?target=denonext": "https://esm.sh/@smithy/util-stream@4.3.2?target=denonext",
    "https://esm.sh/@smithy/util-stream@^4.3.2?target=denonext": "https://esm.sh/@smithy/util-stream@4.3.2?target=denonext",
    "https://esm.sh/@smithy/util-uri-escape@^4.1.0?target=denonext": "https://esm.sh/@smithy/util-uri-escape@4.1.0?target=denonext",
    "https://esm.sh/@smithy/util-utf8@^4.1.0?target=denonext": "https://esm.sh/@smithy/util-utf8@4.1.0?target=denonext",
    "https://esm.sh/@types/uuid@~9.0.8/index.d.mts": "https://esm.sh/@types/uuid@9.0.8/index.d.mts",
    "https://esm.sh/strnum@^2.1.0?target=denonext": "https://esm.sh/strnum@2.1.1?target=denonext",
    "https://esm.sh/uuid@^9.0.1?target=denonext": "https://esm.sh/uuid@9.0.1?target=denonext"
  },
  "remote": {
    "https://deno.land/std@0.168.0/async/abortable.ts": "80b2ac399f142cc528f95a037a7d0e653296352d95c681e284533765961de409",
    "https://deno.land/std@0.168.0/async/deadline.ts": "2c2deb53c7c28ca1dda7a3ad81e70508b1ebc25db52559de6b8636c9278fd41f",
    "https://deno.land/std@0.168.0/async/debounce.ts": "60301ffb37e730cd2d6f9dadfd0ecb2a38857681bd7aaf6b0a106b06e5210a98",
    "https://deno.land/std@0.168.0/async/deferred.ts": "77d3f84255c3627f1cc88699d8472b664d7635990d5358c4351623e098e917d6",
    "https://deno.land/std@0.168.0/async/delay.ts": "5a9bfba8de38840308a7a33786a0155a7f6c1f7a859558ddcec5fe06e16daf57",
    "https://deno.land/std@0.168.0/async/mod.ts": "7809ad4bb223e40f5fdc043e5c7ca04e0e25eed35c32c3c32e28697c553fa6d9",
    "https://deno.land/std@0.168.0/async/mux_async_iterator.ts": "770a0ff26c59f8bbbda6b703a2235f04e379f73238e8d66a087edc68c2a2c35f",
    "https://deno.land/std@0.168.0/async/pool.ts": "6854d8cd675a74c73391c82005cbbe4cc58183bddcd1fbbd7c2bcda42b61cf69",
    "https://deno.land/std@0.168.0/async/retry.ts": "e8e5173623915bbc0ddc537698fa418cf875456c347eda1ed453528645b42e67",
    "https://deno.land/std@0.168.0/async/tee.ts": "3a47cc4e9a940904fd4341f0224907e199121c80b831faa5ec2b054c6d2eff5e",
    "https://deno.land/std@0.168.0/http/server.ts": "e99c1bee8a3f6571ee4cdeb2966efad465b8f6fe62bec1bdb59c1f007cc4d155",
    "https://esm.sh/@aws-sdk/client-sesv2@3.891.0": "0f65e81ebcba7df57ef18ba024cf05fa94f2e1f77b78251a8eb8120a0914e8e0",
    "https://esm.sh/@aws-sdk/client-sesv2@3.891.0/denonext/client-sesv2.mjs": "7496cf832a895e12c5ddc16f69f01a6f4aaf84ebd13a4f47b1e3d542b4fef9db",
    "https://esm.sh/@aws-sdk/client-sso@3.891.0/denonext/client-sso.mjs": "e3f519a60f2392dc626db24e26987c894474e4651d22ff628266bd6c0035d8a3",
    "https://esm.sh/@aws-sdk/core@3.890.0/denonext/client.mjs": "c81c74cc40421f2f24a9eb57d07330b7aaf5b777a401ac1db80e4026830d4547",
    "https://esm.sh/@aws-sdk/core@3.890.0/denonext/core.mjs": "e1e8419b5c21ceca34379c8277844b4e73c9750a178d2858dad7d7d620416889",
    "https://esm.sh/@aws-sdk/core@3.890.0/denonext/dist-es/submodules/httpAuthSchemes/aws_sdk.mjs": "b99a1f85a7370a5eac7ce5213a7755c70ef1d75f4b9f48ae9130913d7a547ab7",
    "https://esm.sh/@aws-sdk/core@3.890.0/denonext/httpAuthSchemes.mjs": "22d99f112e6af39f0e0f9716285b1b5def542b12e4d8921ef06cf6d532c75871",
    "https://esm.sh/@aws-sdk/core@3.890.0/denonext/protocols.mjs": "fd452fb9b8bd1ea9f62417dfeb7a8c7ffb0da4c13c2dd0d450165087a64cb04e",
    "https://esm.sh/@aws-sdk/credential-provider-env@3.890.0/denonext/credential-provider-env.mjs": "01da259fc039d5b67fcf347658bc1412d2643d821cc9ffe76ea886f648a0f221",
    "https://esm.sh/@aws-sdk/credential-provider-http@3.890.0/denonext/credential-provider-http.mjs": "0d14bf120b84886e2946af42b3154832d801366d6a46900639fa21a3794049cd",
    "https://esm.sh/@aws-sdk/credential-provider-ini@3.891.0/denonext/credential-provider-ini.mjs": "2059e04fb2af0ea948fe4c2585705e845ef5636cccafde844e0b08daaab51e20",
    "https://esm.sh/@aws-sdk/credential-provider-node@3.891.0/denonext/credential-provider-node.mjs": "42a495483aac8a7895827bda683ebad1ac2c82f4124b73b6732310f2f1fd82db",
    "https://esm.sh/@aws-sdk/credential-provider-process@3.890.0/denonext/credential-provider-process.mjs": "a409f5c10449b02e38eed4489ce12fb02135bd59e85113ccc2963efe5c019732",
    "https://esm.sh/@aws-sdk/credential-provider-sso@3.891.0/denonext/credential-provider-sso.mjs": "f4f414104b2a6c69bb8c30f0746d425009290fb9aa4153a79922405030bfc653",
    "https://esm.sh/@aws-sdk/credential-provider-sso@3.891.0/denonext/dist-es/loadSso.mjs": "a35a4b4784c7423646f2010773ce87d519915354fbaccc41bdc4f346ab3d8474",
    "https://esm.sh/@aws-sdk/credential-provider-web-identity@3.891.0/denonext/credential-provider-web-identity.mjs": "6ba3b3cad6be4d88b44879a2cec0bd582d080bb3ee23eefc9382d52e5be5a2a0",
    "https://esm.sh/@aws-sdk/middleware-host-header@3.891.0/denonext/middleware-host-header.mjs": "6ccb1efa4ed91fe8f435df1dae4bcf1833b8ff90cfdda728420720f9ebd34cb5",
    "https://esm.sh/@aws-sdk/middleware-logger@3.891.0/denonext/middleware-logger.mjs": "79f1186d07238a1e18feb05da4eb991438ade11b226f038d9dc466b46c4ad6f0",
    "https://esm.sh/@aws-sdk/middleware-recursion-detection@3.891.0/denonext/middleware-recursion-detection.mjs": "6ef6cccb1704d275aa0e46e50bd572e294d3357bf4782cac7dd176e7fcc54711",
    "https://esm.sh/@aws-sdk/middleware-sdk-s3@3.891.0/denonext/middleware-sdk-s3.mjs": "e6a28794abf0fab044bf5b5ba90e32abd79a11e9fac40288845c754b61fd0742",
    "https://esm.sh/@aws-sdk/middleware-user-agent@3.891.0/denonext/middleware-user-agent.mjs": "fc33ec49867c4996c6f9a81e51598d644d914496c5579922c12c25e1bdfca3b0",
    "https://esm.sh/@aws-sdk/nested-clients@3.891.0/denonext/sso-oidc.mjs": "7388f0724703e779be2ec878bfb5b5731a62c8ff8242d4c3343bcc87e14d7d6c",
    "https://esm.sh/@aws-sdk/nested-clients@3.891.0/denonext/sts.mjs": "53f19417d417d2b03406e41bb6e1f07446d5b705bd8887b9d8d162fb1c181043",
    "https://esm.sh/@aws-sdk/nested-clients@3.891.0/package.json?module": "d9442599609822a9cdab5a919218b21afc39461ad8d950f486560c438166c6c8",
    "https://esm.sh/@aws-sdk/region-config-resolver@3.890.0/denonext/region-config-resolver.mjs": "eb7318a05476b7fe965a0287e93220e4e35b43e2e47264b5045076677a36a1b9",
    "https://esm.sh/@aws-sdk/signature-v4-multi-region@3.891.0/denonext/signature-v4-multi-region.mjs": "12a207c42531350eef0259b4ee31b4c2cf040b19cd1671651b9526921178068e",
    "https://esm.sh/@aws-sdk/token-providers@3.891.0/denonext/token-providers.mjs": "6c6f87997034dd8cf933b7ba6e7cb51006561c6da4c23d69cac008a46d7484b4",
    "https://esm.sh/@aws-sdk/util-arn-parser@3.873.0/denonext/util-arn-parser.mjs": "2535e233ddbd36ada1aa1b7f495f752b3928e4e904879f2146c59f6535c7e0f9",
    "https://esm.sh/@aws-sdk/util-endpoints@3.891.0/denonext/util-endpoints.mjs": "834e11a12a33472123d346abeebcf96a7a78ddc4c0e37ae80ceffa87207b47a9",
    "https://esm.sh/@aws-sdk/util-user-agent-node@3.891.0/denonext/util-user-agent-node.mjs": "a104867c08332614be5fc72b3d621350695f445b20f090453c942260ffd90c57",
    "https://esm.sh/@aws-sdk/xml-builder@3.887.0/denonext/xml-builder.mjs": "005eed0f020951d3a6df07d2d319a33baebb7b224d882f25d16103b38ccf23c7",
    "https://esm.sh/@aws/lambda-invoke-store@0.0.1/denonext/lambda-invoke-store.mjs": "eb981835fbb0412e481be47f28b47ab447e3009f51d233d2c23f16a29cbd618e",
    "https://esm.sh/@aws/lambda-invoke-store@0.0.1?target=denonext": "319537537e5ac76e0fca9047d2edf4cb8dce619f3e08789e007009791d51c39f",
    "https://esm.sh/@smithy/config-resolver@4.2.2/denonext/config-resolver.mjs": "25ae3d40220c67065188ece8246efd97809167fcd61a214ef469d7c9e71061ac",
    "https://esm.sh/@smithy/config-resolver@4.2.2?target=denonext": "fd2286140a989a887010cb270837e8523155af2fcf755eb03f15897f8fa1daf8",
    "https://esm.sh/@smithy/core@3.11.1/cbor?target=denonext": "72e419e533e97d409be631c9caf819e09ea4018dd533f770e7b7afab23306b5d",
    "https://esm.sh/@smithy/core@3.11.1/denonext/cbor.mjs": "1f3e2315b131a04017e59cbab8d35182879c58ae3dea8768eeb661c117de13c5",
    "https://esm.sh/@smithy/core@3.11.1/denonext/core.mjs": "124fba7bf508ad84d5e9b26aacbaa1b90fb5c770dfdc202cad8b9ea6d69c4f1a",
    "https://esm.sh/@smithy/core@3.11.1/denonext/event-streams.mjs": "5b77bb1819743b77229806106d1857820318ba42b257ac8ec4be20e98e48584c",
    "https://esm.sh/@smithy/core@3.11.1/denonext/protocols.mjs": "f3555271faf411090b8e67e3af0750a8dc0d5e48efc4361727bee08184d758e1",
    "https://esm.sh/@smithy/core@3.11.1/denonext/schema.mjs": "33c78fc6a9484e68eef999bc7aaae259cd8b2cc41590c2a0ae0cb65916397934",
    "https://esm.sh/@smithy/core@3.11.1/denonext/serde.mjs": "c1a58e74224583e76b8771a57eab95ef205ac150eda08b9cad6b8c1e0ee193dc",
    "https://esm.sh/@smithy/core@3.11.1/protocols?target=denonext": "3231b31887f27652b16a369db60ec8839b06a51645240d12b933b1428fa51bd8",
    "https://esm.sh/@smithy/core@3.11.1/schema?target=denonext": "ec599ec873142a75da138fbea20191115bf717bf0b276356df76431fc917d703",
    "https://esm.sh/@smithy/core@3.11.1/serde?target=denonext": "6ff24cbcd51578531be64f6aa44842229bebdeb968c56b9506bbbf5b530185a3",
    "https://esm.sh/@smithy/core@3.11.1?target=denonext": "c11bf331fa83e886bf51ec6448b475ce8b79396f32599c3f276b353e4336e9be",
    "https://esm.sh/@smithy/credential-provider-imds@4.1.2/denonext/credential-provider-imds.mjs": "c53f189ff5bb5342ea091a1ad069a2331608bf5752a009514db54a2bb6c015ff",
    "https://esm.sh/@smithy/credential-provider-imds@4.1.2?target=denonext": "8e44f38197ff7109588dc1c09d162b3bfc201cc5f926b472d82b1444765508a6",
    "https://esm.sh/@smithy/fetch-http-handler@5.2.1/denonext/fetch-http-handler.mjs": "5329233343610446b818d90a178e68066dc56f946bf86a866e5230ce7b5da663",
    "https://esm.sh/@smithy/fetch-http-handler@5.2.1?target=denonext": "a6d93535996756dce11b715711704f37569c544b85f287f25963bf40007f6b1e",
    "https://esm.sh/@smithy/hash-node@4.1.1/denonext/hash-node.mjs": "6b3d1c711698d186153ff9e9dfdec10717bef193c6913b83a463b26a18bc671b",
    "https://esm.sh/@smithy/hash-node@4.1.1?target=denonext": "35e95b0dfe901ef617881c42417c23c0afd14110708f2c5d41ae840e78d699be",
    "https://esm.sh/@smithy/is-array-buffer@4.1.0/denonext/is-array-buffer.mjs": "5f4c5f62043b0f99d742cc48302ef57656a49f258d2238565a4cc05bfeb36941",
    "https://esm.sh/@smithy/is-array-buffer@4.1.0?target=denonext": "ecd0de222ce6507107510620d0dad10c481a3c2d41d9b19f4a7adde85b065d70",
    "https://esm.sh/@smithy/middleware-content-length@4.1.1/denonext/middleware-content-length.mjs": "8ccc965793a3a0f549347e3bea30dac30b4f50b578db6b396fce2c88acd00be9",
    "https://esm.sh/@smithy/middleware-content-length@4.1.1?target=denonext": "7fa3db75a4c54b5b1c1a16e41b9ceb2a45c690179d48776bea9738a375f0bc77",
    "https://esm.sh/@smithy/middleware-endpoint@4.2.3/denonext/middleware-endpoint.mjs": "0765be83f026d41522dd1af29fa89194c3d081f91596ed167bab6ae0a5d1dcd9",
    "https://esm.sh/@smithy/middleware-endpoint@4.2.3?target=denonext": "b6c1645bba6795dac93ff697d22e507cca7d3400349c2f1b82f5d9ead456ee22",
    "https://esm.sh/@smithy/middleware-retry@4.2.4/denonext/middleware-retry.mjs": "10a16e84160275b834de4ba1c7eb01c7fadc8b8d9bacc5d02bab56a3356d9ce1",
    "https://esm.sh/@smithy/middleware-retry@4.2.4?target=denonext": "dbe8b7e6f4c9fc351f041278f75b36891f412968f369fb9fbd1631a3e97ae64c",
    "https://esm.sh/@smithy/middleware-serde@4.1.1/denonext/middleware-serde.mjs": "ccf7984bda13e7d78bd134b8403d20da6cf14318c857d1127f511cc32e5ea7da",
    "https://esm.sh/@smithy/middleware-serde@4.1.1?target=denonext": "07f863139a3cf3d3134b1314b9234b0cb6f27f6555a0b46173f54c73d819abbb",
    "https://esm.sh/@smithy/middleware-stack@4.1.1/denonext/middleware-stack.mjs": "6aa3be1010804233d141fece022681ed510d062d7529c808b783fa92f1a8e3d3",
    "https://esm.sh/@smithy/middleware-stack@4.1.1?target=denonext": "adce6d2e367d5b0308c8b4cd826ba3c7e7eeea26ee08281ed5d81ea790391210",
    "https://esm.sh/@smithy/node-config-provider@4.2.2/denonext/node-config-provider.mjs": "4161a6a998ac20d95a24e91ef630bb6c48fcb7af0826fad3c3ad80745cb08f7d",
    "https://esm.sh/@smithy/node-config-provider@4.2.2?target=denonext": "d687085ea10bf75e08792a15925d19dd43fd0a0a8414521e4e3c3df17879c669",
    "https://esm.sh/@smithy/node-http-handler@4.2.1/denonext/node-http-handler.mjs": "069a8f3548128895e56de27175932ab764e751bd5323c2deee625117ae3a9490",
    "https://esm.sh/@smithy/node-http-handler@4.2.1?target=denonext": "8f8c8ed54f4205539ae1eaaf0aff8399ad1b9f6bd5fed5699a046921c69a0992",
    "https://esm.sh/@smithy/property-provider@4.1.1/denonext/property-provider.mjs": "970daa7d010cb5dc8c0bb990456e3c30e78627d79b56feb17caeffbbfdcc9d49",
    "https://esm.sh/@smithy/property-provider@4.1.1?target=denonext": "394280b17075efc655906c8db28b4e172dcd1aadb9d717a06ad71facf7901652",
    "https://esm.sh/@smithy/protocol-http@5.2.1/denonext/protocol-http.mjs": "b3ab53582b200b8de8d7463eb19036cf6b1d242c909f05342c6225b219385a86",
    "https://esm.sh/@smithy/protocol-http@5.2.1?target=denonext": "2f8096650e37474180a3989887a28aa85128fa9a47db26e85ede285603e53204",
    "https://esm.sh/@smithy/querystring-builder@4.1.1/denonext/querystring-builder.mjs": "48b8ccdf10f45a6d8fd0ab000052a9569c4cfd707c09cbf5b16a5b054c6dfe6c",
    "https://esm.sh/@smithy/querystring-builder@4.1.1?target=denonext": "95ebbc7720aba04f63e46b4a7a154dc83f1f5c9ba64a7a73f4a4cfc28f8cacc7",
    "https://esm.sh/@smithy/querystring-parser@4.1.1/denonext/querystring-parser.mjs": "a25e77ec5afb2dcc4232c2926a2087bad7add6f23e9684f77676af3f15d1485a",
    "https://esm.sh/@smithy/querystring-parser@4.1.1?target=denonext": "e2ef1de7e0094be9b649b9aa0dab80bf9e1af056217276301e0958878d447779",
    "https://esm.sh/@smithy/service-error-classification@4.1.2/denonext/service-error-classification.mjs": "5f08a417be7532775c600cc2f1f458dc1a6bb1bf9adb1339c30ef4e4936c7547",
    "https://esm.sh/@smithy/service-error-classification@4.1.2?target=denonext": "bc5da997af4a72b75c28f64af84571c098e7f2d4687e0ad36f0f93638a83e9f9",
    "https://esm.sh/@smithy/shared-ini-file-loader@4.2.0/denonext/shared-ini-file-loader.mjs": "0d86654276d5f44cffbdbf46d823ccfb5f9421ee157fd28e61314ddd74fe6f4b",
    "https://esm.sh/@smithy/shared-ini-file-loader@4.2.0?target=denonext": "d0e24ca76c151cac48b012cadf75c57f06c1e403bde8a4a80365b64afe8d636e",
    "https://esm.sh/@smithy/signature-v4@5.2.1/denonext/signature-v4.mjs": "9bdb295b73b66dea45160e9f0ee48fb10a529b9c6b1fa19eb1bd63a5c9a1ce31",
    "https://esm.sh/@smithy/signature-v4@5.2.1?target=denonext": "8e044d85ba4d135f3fabd78ebf8e07eae9a270dc3b6deb5d730720c9f59cd100",
    "https://esm.sh/@smithy/smithy-client@4.6.3/denonext/smithy-client.mjs": "a5405e7d42287ae5356c328c0e338103cd617b51234aba894fc796fc4632ed60",
    "https://esm.sh/@smithy/smithy-client@4.6.3?target=denonext": "154335bed375cd436fee6775d1167db79b2e841da465938225c63680b8f75607",
    "https://esm.sh/@smithy/types@4.5.0/denonext/dist-es/extensions.mjs": "8744e8895754ec5b0b15c8ed4c4ef06094ca8a404c04abb51a024df66e0dc617",
    "https://esm.sh/@smithy/types@4.5.0/denonext/types.mjs": "49ec4b2dfd4d89382bda973d790fc53a839bc9d9cc6dec1bab03b66c63f462ca",
    "https://esm.sh/@smithy/types@4.5.0?target=denonext": "a48e07bd2c5fe9776d03ef6d1f854c08d052929cffa6ef820355633ed6aca383",
    "https://esm.sh/@smithy/url-parser@4.1.1/denonext/url-parser.mjs": "e3b5f064eb0535aa346d3775d0971b01fdeee73a9151c4c030673600f3d521f7",
    "https://esm.sh/@smithy/url-parser@4.1.1?target=denonext": "0d0f239dae919471b57735494745ac9fb57a9c435a123ac268075cdf219f9ccb",
    "https://esm.sh/@smithy/util-base64@4.1.0/denonext/util-base64.mjs": "c498f092cbe35e49d77b7cdb01f951e5ca0f3c125383aeedbb4bd1944981d554",
    "https://esm.sh/@smithy/util-base64@4.1.0?target=denonext": "bca6ca7bcdd887bd62ac5eed428f0f0533f19c1770442e7c0ebecd2abfb78e47",
    "https://esm.sh/@smithy/util-body-length-browser@4.1.0/denonext/util-body-length-browser.mjs": "6f688fdd19bacefa55606a818063c3b6a077d80202f9ba821e108536b2385589",
    "https://esm.sh/@smithy/util-body-length-browser@4.1.0?target=denonext": "15a9d3f3ab9420bfa90a18af26fffbed983e068565d2fdcc8dca8e1ee30e9c9a",
    "https://esm.sh/@smithy/util-body-length-node@4.1.0/denonext/util-body-length-node.mjs": "6dc632414900abc9e740d043a3c7ec8ff47a932d3176f7cc01086a3fe35b7423",
    "https://esm.sh/@smithy/util-body-length-node@4.1.0?target=denonext": "0cd6849f9b34f513c904abd33a0c0631828ed97add97ca1508d6505b52cf136e",
    "https://esm.sh/@smithy/util-buffer-from@4.1.0/denonext/util-buffer-from.mjs": "08b386ec606c763c610f44be8abb1b471d45227c3622ab161d607b657cc3bf45",
    "https://esm.sh/@smithy/util-buffer-from@4.1.0?target=denonext": "0b8fba6d99a2d1b5d8690229f4af8c91d249434cfcf14febb5411c2066576e7b",
    "https://esm.sh/@smithy/util-config-provider@4.1.0/denonext/util-config-provider.mjs": "ad93e474dbedd482968ec6c3971e363ecf4deb2d37d2283083a20721afa019dc",
    "https://esm.sh/@smithy/util-config-provider@4.1.0?target=denonext": "882b66b863b4144700131284961c91bf0f0834dba36ea590a8740f4260f3af8f",
    "https://esm.sh/@smithy/util-defaults-mode-node@4.1.3/denonext/util-defaults-mode-node.mjs": "2b76b7e723097e964e3091e751de780ccc8bd501b59d1f7473d7b2214fbd3170",
    "https://esm.sh/@smithy/util-defaults-mode-node@4.1.3?target=denonext": "83ad443b2aa56e28f39584bf20dea52f0c1db5d45f003d3ffc027402a4c418a8",
    "https://esm.sh/@smithy/util-endpoints@3.1.2/denonext/util-endpoints.mjs": "eb19a32ed30245bf30e8a6a86c4016a77111cd3c0fbda9aa7c92584f166aa3df",
    "https://esm.sh/@smithy/util-endpoints@3.1.2?target=denonext": "23e623fb558537ba8786b016add9356fb64cab2f293ff5f6cd0a008a3df573a8",
    "https://esm.sh/@smithy/util-hex-encoding@4.1.0/denonext/util-hex-encoding.mjs": "404b0a0c4691925d64f009cd70e035d29d1a29ba8a06bdbe38b8c8b5a1d8e8bd",
    "https://esm.sh/@smithy/util-hex-encoding@4.1.0?target=denonext": "dda612c0dfcd514074d7000c488181aed6c7de9698ee116861ac747ac2d8c3d6",
    "https://esm.sh/@smithy/util-middleware@4.1.1/denonext/util-middleware.mjs": "2320defa79ce5747930234e1a7492c5250c427c58b7dc8effe55d9fd48113232",
    "https://esm.sh/@smithy/util-middleware@4.1.1?target=denonext": "ea15a13b0ccac5cd057fe2e0af63aea8089ca5a6e33070c2e7940ec4fb3bb159",
    "https://esm.sh/@smithy/util-retry@4.1.2/denonext/util-retry.mjs": "e8840e30d012c60064ec2feb7648824ba6d7d753e716540ea0f8035f4c41b21c",
    "https://esm.sh/@smithy/util-retry@4.1.2?target=denonext": "116bd3b9d226bd29143bb5bda3427de4205b3aa4d8c15d0448c8f6ef64159259",
    "https://esm.sh/@smithy/util-stream@4.3.2/denonext/util-stream.mjs": "d8f371b366436c6910250bec843b0dacf3ac22fdcae2db3ed2791bf0ef947c30",
    "https://esm.sh/@smithy/util-stream@4.3.2?target=denonext": "a0549dfddab6ab4fca1537e98df1a5593068aced9d54ea5ce121231d59c1749b",
    "https://esm.sh/@smithy/util-uri-escape@4.1.0/denonext/util-uri-escape.mjs": "23df781239af09383fd42b849d3ee451f6e3669b5981125f21f5e2afd4546564",
    "https://esm.sh/@smithy/util-uri-escape@4.1.0?target=denonext": "85f1bc85d5a8f747dd786aa551fe5460690ba63ba6984108618c90310ba90c8b",
    "https://esm.sh/@smithy/util-utf8@4.1.0/denonext/util-utf8.mjs": "82b119743cb1dd3972d3446a419e2972ccf0eb48712fdb9334cb4956ddeae2bf",
    "https://esm.sh/@smithy/util-utf8@4.1.0?target=denonext": "ca2a3672d9d854d11897d432b3615cf7f0615658c798e16f8013a60095915eee",
    "https://esm.sh/fast-xml-parser@5.2.5/denonext/fast-xml-parser.mjs": "842e6c3ea724c8d5fed0370fef3326934ce6267fa30549d1c9bceb07bbd743da",
    "https://esm.sh/strnum@2.1.1/denonext/strnum.mjs": "2ba1ef72b5eee1e4a21237b1e3b3d5621b3c4eaec3f7d365b5a13a5a99f95db2",
    "https://esm.sh/strnum@2.1.1?target=denonext": "ec351a625b19a9acb32f081ae480d64251a03ac48e64b069666c52de69380605",
    "https://esm.sh/uuid@9.0.1/denonext/uuid.mjs": "25ffc9943d4b3691671de82d30c147ecfa2a8fae6f4319db28dadb0dacc19450",
    "https://esm.sh/uuid@9.0.1?target=denonext": "11c38693969f62a617de5ceee47ddc29ae892ae81491378a933436788fad3c8b"
  }
}
